// !$*UTF8*$!
{
	archiveVersion = 1;
	classes = {
	};
	objectVersion = 55;
	objects = {

/* Begin PBXBuildFile section */
		0598B1A5282CA16400009A9C /* AppDelegate.swift in Sources */ = {isa = PBXBuildFile; fileRef = 0598B1A4282CA16400009A9C /* AppDelegate.swift */; };
		0598B1A7282CA16400009A9C /* SceneDelegate.swift in Sources */ = {isa = PBXBuildFile; fileRef = 0598B1A6282CA16400009A9C /* SceneDelegate.swift */; };
		0598B1A9282CA16400009A9C /* ViewController.swift in Sources */ = {isa = PBXBuildFile; fileRef = 0598B1A8282CA16400009A9C /* ViewController.swift */; };
		0598B1AC282CA16400009A9C /* Main.storyboard in Resources */ = {isa = PBXBuildFile; fileRef = 0598B1AA282CA16400009A9C /* Main.storyboard */; };
		0598B1AE282CA16700009A9C /* Assets.xcassets in Resources */ = {isa = PBXBuildFile; fileRef = 0598B1AD282CA16700009A9C /* Assets.xcassets */; };
		0598B1B1282CA16700009A9C /* LaunchScreen.storyboard in Resources */ = {isa = PBXBuildFile; fileRef = 0598B1AF282CA16700009A9C /* LaunchScreen.storyboard */; };
		0598B1BC282CA16800009A9C /* sin_13_techmonTests.swift in Sources */ = {isa = PBXBuildFile; fileRef = 0598B1BB282CA16800009A9C /* sin_13_techmonTests.swift */; };
		0598B1C6282CA16800009A9C /* sin_13_techmonUITests.swift in Sources */ = {isa = PBXBuildFile; fileRef = 0598B1C5282CA16800009A9C /* sin_13_techmonUITests.swift */; };
		0598B1C8282CA16800009A9C /* sin_13_techmonUITestsLaunchTests.swift in Sources */ = {isa = PBXBuildFile; fileRef = 0598B1C7282CA16800009A9C /* sin_13_techmonUITestsLaunchTests.swift */; };
		0598B1EA282CA21400009A9C /* misaki_gothic.ttf in Resources */ = {isa = PBXBuildFile; fileRef = 0598B1D6282CA21300009A9C /* misaki_gothic.ttf */; };
		0598B1EB282CA21400009A9C /* battlebg.png in Resources */ = {isa = PBXBuildFile; fileRef = 0598B1D8282CA21300009A9C /* battlebg.png */; };
		0598B1EC282CA21400009A9C /* bgimage.jpg in Resources */ = {isa = PBXBuildFile; fileRef = 0598B1D9282CA21300009A9C /* bgimage.jpg */; };
		0598B1ED282CA21400009A9C /* gold_button.png in Resources */ = {isa = PBXBuildFile; fileRef = 0598B1DA282CA21300009A9C /* gold_button.png */; };
		0598B1EE282CA21400009A9C /* lobby.png in Resources */ = {isa = PBXBuildFile; fileRef = 0598B1DB282CA21300009A9C /* lobby.png */; };
		0598B1EF282CA21400009A9C /* monster.png in Resources */ = {isa = PBXBuildFile; fileRef = 0598B1DC282CA21300009A9C /* monster.png */; };
		0598B1F0282CA21400009A9C /* waku.png in Resources */ = {isa = PBXBuildFile; fileRef = 0598B1DD282CA21300009A9C /* waku.png */; };
		0598B1F1282CA21400009A9C /* yusya.png in Resources */ = {isa = PBXBuildFile; fileRef = 0598B1DE282CA21300009A9C /* yusya.png */; };
		0598B1F2282CA21400009A9C /* Character.swift in Sources */ = {isa = PBXBuildFile; fileRef = 0598B1E0282CA21300009A9C /* Character.swift */; };
		0598B1F3282CA21400009A9C /* TechMonManager.swift in Sources */ = {isa = PBXBuildFile; fileRef = 0598B1E1282CA21300009A9C /* TechMonManager.swift */; };
		0598B1F4282CA21400009A9C /* BGM_battle001.mp3 in Resources */ = {isa = PBXBuildFile; fileRef = 0598B1E3282CA21300009A9C /* BGM_battle001.mp3 */; };
		0598B1F5282CA21400009A9C /* lobby.mp3 in Resources */ = {isa = PBXBuildFile; fileRef = 0598B1E4282CA21300009A9C /* lobby.mp3 */; };
		0598B1F6282CA21400009A9C /* SE_attack.mp3 in Resources */ = {isa = PBXBuildFile; fileRef = 0598B1E5282CA21300009A9C /* SE_attack.mp3 */; };
		0598B1F7282CA21400009A9C /* SE_charge.mp3 in Resources */ = {isa = PBXBuildFile; fileRef = 0598B1E6282CA21300009A9C /* SE_charge.mp3 */; };
		0598B1F8282CA21400009A9C /* SE_fanfare.mp3 in Resources */ = {isa = PBXBuildFile; fileRef = 0598B1E7282CA21300009A9C /* SE_fanfare.mp3 */; };
		0598B1F9282CA21400009A9C /* SE_fire.mp3 in Resources */ = {isa = PBXBuildFile; fileRef = 0598B1E8282CA21300009A9C /* SE_fire.mp3 */; };
		0598B1FA282CA21400009A9C /* SE_gameover.mp3 in Resources */ = {isa = PBXBuildFile; fileRef = 0598B1E9282CA21300009A9C /* SE_gameover.mp3 */; };
		0598B1FC282CA89C00009A9C /* LobbyViewController.swift in Sources */ = {isa = PBXBuildFile; fileRef = 0598B1FB282CA89C00009A9C /* LobbyViewController.swift */; };
		0598B1FE282CA8D400009A9C /* BattleViewController.swift in Sources */ = {isa = PBXBuildFile; fileRef = 0598B1FD282CA8D400009A9C /* BattleViewController.swift */; };
/* End PBXBuildFile section */

/* Begin PBXContainerItemProxy section */
		0598B1B8282CA16800009A9C /* PBXContainerItemProxy */ = {
			isa = PBXContainerItemProxy;
			containerPortal = 0598B199282CA16300009A9C /* Project object */;
			proxyType = 1;
			remoteGlobalIDString = 0598B1A0282CA16400009A9C;
			remoteInfo = sin_13_techmon;
		};
		0598B1C2282CA16800009A9C /* PBXContainerItemProxy */ = {
			isa = PBXContainerItemProxy;
			containerPortal = 0598B199282CA16300009A9C /* Project object */;
			proxyType = 1;
			remoteGlobalIDString = 0598B1A0282CA16400009A9C;
			remoteInfo = sin_13_techmon;
		};
/* End PBXContainerItemProxy section */

/* Begin PBXFileReference section */
		0598B1A1282CA16400009A9C /* sin_13_techmon.app */ = {isa = PBXFileReference; explicitFileType = wrapper.application; includeInIndex = 0; path = sin_13_techmon.app; sourceTree = BUILT_PRODUCTS_DIR; };
		0598B1A4282CA16400009A9C /* AppDelegate.swift */ = {isa = PBXFileReference; lastKnownFileType = sourcecode.swift; path = AppDelegate.swift; sourceTree = "<group>"; };
		0598B1A6282CA16400009A9C /* SceneDelegate.swift */ = {isa = PBXFileReference; lastKnownFileType = sourcecode.swift; path = SceneDelegate.swift; sourceTree = "<group>"; };
		0598B1A8282CA16400009A9C /* ViewController.swift */ = {isa = PBXFileReference; lastKnownFileType = sourcecode.swift; path = ViewController.swift; sourceTree = "<group>"; };
		0598B1AB282CA16400009A9C /* Base */ = {isa = PBXFileReference; lastKnownFileType = file.storyboard; name = Base; path = Base.lproj/Main.storyboard; sourceTree = "<group>"; };
		0598B1AD282CA16700009A9C /* Assets.xcassets */ = {isa = PBXFileReference; lastKnownFileType = folder.assetcatalog; path = Assets.xcassets; sourceTree = "<group>"; };
		0598B1B0282CA16700009A9C /* Base */ = {isa = PBXFileReference; lastKnownFileType = file.storyboard; name = Base; path = Base.lproj/LaunchScreen.storyboard; sourceTree = "<group>"; };
		0598B1B2282CA16800009A9C /* Info.plist */ = {isa = PBXFileReference; lastKnownFileType = text.plist.xml; path = Info.plist; sourceTree = "<group>"; };
		0598B1B7282CA16800009A9C /* sin_13_techmonTests.xctest */ = {isa = PBXFileReference; explicitFileType = wrapper.cfbundle; includeInIndex = 0; path = sin_13_techmonTests.xctest; sourceTree = BUILT_PRODUCTS_DIR; };
		0598B1BB282CA16800009A9C /* sin_13_techmonTests.swift */ = {isa = PBXFileReference; lastKnownFileType = sourcecode.swift; path = sin_13_techmonTests.swift; sourceTree = "<group>"; };
		0598B1C1282CA16800009A9C /* sin_13_techmonUITests.xctest */ = {isa = PBXFileReference; explicitFileType = wrapper.cfbundle; includeInIndex = 0; path = sin_13_techmonUITests.xctest; sourceTree = BUILT_PRODUCTS_DIR; };
		0598B1C5282CA16800009A9C /* sin_13_techmonUITests.swift */ = {isa = PBXFileReference; lastKnownFileType = sourcecode.swift; path = sin_13_techmonUITests.swift; sourceTree = "<group>"; };
		0598B1C7282CA16800009A9C /* sin_13_techmonUITestsLaunchTests.swift */ = {isa = PBXFileReference; lastKnownFileType = sourcecode.swift; path = sin_13_techmonUITestsLaunchTests.swift; sourceTree = "<group>"; };
		0598B1D6282CA21300009A9C /* misaki_gothic.ttf */ = {isa = PBXFileReference; lastKnownFileType = file; path = misaki_gothic.ttf; sourceTree = "<group>"; };
		0598B1D8282CA21300009A9C /* battlebg.png */ = {isa = PBXFileReference; lastKnownFileType = image.png; path = battlebg.png; sourceTree = "<group>"; };
		0598B1D9282CA21300009A9C /* bgimage.jpg */ = {isa = PBXFileReference; lastKnownFileType = image.jpeg; path = bgimage.jpg; sourceTree = "<group>"; };
		0598B1DA282CA21300009A9C /* gold_button.png */ = {isa = PBXFileReference; lastKnownFileType = image.png; path = gold_button.png; sourceTree = "<group>"; };
		0598B1DB282CA21300009A9C /* lobby.png */ = {isa = PBXFileReference; lastKnownFileType = image.png; path = lobby.png; sourceTree = "<group>"; };
		0598B1DC282CA21300009A9C /* monster.png */ = {isa = PBXFileReference; lastKnownFileType = image.png; path = monster.png; sourceTree = "<group>"; };
		0598B1DD282CA21300009A9C /* waku.png */ = {isa = PBXFileReference; lastKnownFileType = image.png; path = waku.png; sourceTree = "<group>"; };
		0598B1DE282CA21300009A9C /* yusya.png */ = {isa = PBXFileReference; lastKnownFileType = image.png; path = yusya.png; sourceTree = "<group>"; };
		0598B1E0282CA21300009A9C /* Character.swift */ = {isa = PBXFileReference; fileEncoding = 4; lastKnownFileType = sourcecode.swift; path = Character.swift; sourceTree = "<group>"; };
		0598B1E1282CA21300009A9C /* TechMonManager.swift */ = {isa = PBXFileReference; fileEncoding = 4; lastKnownFileType = sourcecode.swift; path = TechMonManager.swift; sourceTree = "<group>"; };
		0598B1E3282CA21300009A9C /* BGM_battle001.mp3 */ = {isa = PBXFileReference; lastKnownFileType = audio.mp3; path = BGM_battle001.mp3; sourceTree = "<group>"; };
		0598B1E4282CA21300009A9C /* lobby.mp3 */ = {isa = PBXFileReference; lastKnownFileType = audio.mp3; path = lobby.mp3; sourceTree = "<group>"; };
		0598B1E5282CA21300009A9C /* SE_attack.mp3 */ = {isa = PBXFileReference; lastKnownFileType = audio.mp3; path = SE_attack.mp3; sourceTree = "<group>"; };
		0598B1E6282CA21300009A9C /* SE_charge.mp3 */ = {isa = PBXFileReference; lastKnownFileType = audio.mp3; path = SE_charge.mp3; sourceTree = "<group>"; };
		0598B1E7282CA21300009A9C /* SE_fanfare.mp3 */ = {isa = PBXFileReference; lastKnownFileType = audio.mp3; path = SE_fanfare.mp3; sourceTree = "<group>"; };
		0598B1E8282CA21300009A9C /* SE_fire.mp3 */ = {isa = PBXFileReference; lastKnownFileType = audio.mp3; path = SE_fire.mp3; sourceTree = "<group>"; };
		0598B1E9282CA21300009A9C /* SE_gameover.mp3 */ = {isa = PBXFileReference; lastKnownFileType = audio.mp3; path = SE_gameover.mp3; sourceTree = "<group>"; };
		0598B1FB282CA89C00009A9C /* LobbyViewController.swift */ = {isa = PBXFileReference; lastKnownFileType = sourcecode.swift; path = LobbyViewController.swift; sourceTree = "<group>"; };
		0598B1FD282CA8D400009A9C /* BattleViewController.swift */ = {isa = PBXFileReference; lastKnownFileType = sourcecode.swift; path = BattleViewController.swift; sourceTree = "<group>"; };
/* End PBXFileReference section */

/* Begin PBXFrameworksBuildPhase section */
		0598B19E282CA16400009A9C /* Frameworks */ = {
			isa = PBXFrameworksBuildPhase;
			buildActionMask = 2147483647;
			files = (
			);
			runOnlyForDeploymentPostprocessing = 0;
		};
		0598B1B4282CA16800009A9C /* Frameworks */ = {
			isa = PBXFrameworksBuildPhase;
			buildActionMask = 2147483647;
			files = (
			);
			runOnlyForDeploymentPostprocessing = 0;
		};
		0598B1BE282CA16800009A9C /* Frameworks */ = {
			isa = PBXFrameworksBuildPhase;
			buildActionMask = 2147483647;
			files = (
			);
			runOnlyForDeploymentPostprocessing = 0;
		};
/* End PBXFrameworksBuildPhase section */

/* Begin PBXGroup section */
		0598B198282CA16300009A9C = {
			isa = PBXGroup;
			children = (
				0598B1D4282CA21300009A9C /* TechMon_Resource */,
				0598B1A3282CA16400009A9C /* sin_13_techmon */,
				0598B1BA282CA16800009A9C /* sin_13_techmonTests */,
				0598B1C4282CA16800009A9C /* sin_13_techmonUITests */,
				0598B1A2282CA16400009A9C /* Products */,
			);
			sourceTree = "<group>";
		};
		0598B1A2282CA16400009A9C /* Products */ = {
			isa = PBXGroup;
			children = (
				0598B1A1282CA16400009A9C /* sin_13_techmon.app */,
				0598B1B7282CA16800009A9C /* sin_13_techmonTests.xctest */,
				0598B1C1282CA16800009A9C /* sin_13_techmonUITests.xctest */,
			);
			name = Products;
			sourceTree = "<group>";
		};
		0598B1A3282CA16400009A9C /* sin_13_techmon */ = {
			isa = PBXGroup;
			children = (
				0598B1A4282CA16400009A9C /* AppDelegate.swift */,
				0598B1A6282CA16400009A9C /* SceneDelegate.swift */,
				0598B1A8282CA16400009A9C /* ViewController.swift */,
				0598B1AA282CA16400009A9C /* Main.storyboard */,
				0598B1AD282CA16700009A9C /* Assets.xcassets */,
				0598B1AF282CA16700009A9C /* LaunchScreen.storyboard */,
				0598B1B2282CA16800009A9C /* Info.plist */,
				0598B1FB282CA89C00009A9C /* LobbyViewController.swift */,
				0598B1FD282CA8D400009A9C /* BattleViewController.swift */,
			);
			path = sin_13_techmon;
			sourceTree = "<group>";
		};
		0598B1BA282CA16800009A9C /* sin_13_techmonTests */ = {
			isa = PBXGroup;
			children = (
				0598B1BB282CA16800009A9C /* sin_13_techmonTests.swift */,
			);
			path = sin_13_techmonTests;
			sourceTree = "<group>";
		};
		0598B1C4282CA16800009A9C /* sin_13_techmonUITests */ = {
			isa = PBXGroup;
			children = (
				0598B1C5282CA16800009A9C /* sin_13_techmonUITests.swift */,
				0598B1C7282CA16800009A9C /* sin_13_techmonUITestsLaunchTests.swift */,
			);
			path = sin_13_techmonUITests;
			sourceTree = "<group>";
		};
		0598B1D4282CA21300009A9C /* TechMon_Resource */ = {
			isa = PBXGroup;
			children = (
				0598B1D5282CA21300009A9C /* Fonts */,
				0598B1D7282CA21300009A9C /* Images */,
				0598B1DF282CA21300009A9C /* Models */,
				0598B1E2282CA21300009A9C /* Sounds */,
			);
			path = TechMon_Resource;
			sourceTree = "<group>";
		};
		0598B1D5282CA21300009A9C /* Fonts */ = {
			isa = PBXGroup;
			children = (
				0598B1D6282CA21300009A9C /* misaki_gothic.ttf */,
			);
			path = Fonts;
			sourceTree = "<group>";
		};
		0598B1D7282CA21300009A9C /* Images */ = {
			isa = PBXGroup;
			children = (
				0598B1D8282CA21300009A9C /* battlebg.png */,
				0598B1D9282CA21300009A9C /* bgimage.jpg */,
				0598B1DA282CA21300009A9C /* gold_button.png */,
				0598B1DB282CA21300009A9C /* lobby.png */,
				0598B1DC282CA21300009A9C /* monster.png */,
				0598B1DD282CA21300009A9C /* waku.png */,
				0598B1DE282CA21300009A9C /* yusya.png */,
			);
			path = Images;
			sourceTree = "<group>";
		};
		0598B1DF282CA21300009A9C /* Models */ = {
			isa = PBXGroup;
			children = (
				0598B1E0282CA21300009A9C /* Character.swift */,
				0598B1E1282CA21300009A9C /* TechMonManager.swift */,
			);
			path = Models;
			sourceTree = "<group>";
		};
		0598B1E2282CA21300009A9C /* Sounds */ = {
			isa = PBXGroup;
			children = (
				0598B1E3282CA21300009A9C /* BGM_battle001.mp3 */,
				0598B1E4282CA21300009A9C /* lobby.mp3 */,
				0598B1E5282CA21300009A9C /* SE_attack.mp3 */,
				0598B1E6282CA21300009A9C /* SE_charge.mp3 */,
				0598B1E7282CA21300009A9C /* SE_fanfare.mp3 */,
				0598B1E8282CA21300009A9C /* SE_fire.mp3 */,
				0598B1E9282CA21300009A9C /* SE_gameover.mp3 */,
			);
			path = Sounds;
			sourceTree = "<group>";
		};
/* End PBXGroup section */

/* Begin PBXNativeTarget section */
		0598B1A0282CA16400009A9C /* sin_13_techmon */ = {
			isa = PBXNativeTarget;
			buildConfigurationList = 0598B1CB282CA16800009A9C /* Build configuration list for PBXNativeTarget "sin_13_techmon" */;
			buildPhases = (
				0598B19D282CA16400009A9C /* Sources */,
				0598B19E282CA16400009A9C /* Frameworks */,
				0598B19F282CA16400009A9C /* Resources */,
			);
			buildRules = (
			);
			dependencies = (
			);
			name = sin_13_techmon;
			productName = sin_13_techmon;
			productReference = 0598B1A1282CA16400009A9C /* sin_13_techmon.app */;
			productType = "com.apple.product-type.application";
		};
		0598B1B6282CA16800009A9C /* sin_13_techmonTests */ = {
			isa = PBXNativeTarget;
			buildConfigurationList = 0598B1CE282CA16800009A9C /* Build configuration list for PBXNativeTarget "sin_13_techmonTests" */;
			buildPhases = (
				0598B1B3282CA16800009A9C /* Sources */,
				0598B1B4282CA16800009A9C /* Frameworks */,
				0598B1B5282CA16800009A9C /* Resources */,
			);
			buildRules = (
			);
			dependencies = (
				0598B1B9282CA16800009A9C /* PBXTargetDependency */,
			);
			name = sin_13_techmonTests;
			productName = sin_13_techmonTests;
			productReference = 0598B1B7282CA16800009A9C /* sin_13_techmonTests.xctest */;
			productType = "com.apple.product-type.bundle.unit-test";
		};
		0598B1C0282CA16800009A9C /* sin_13_techmonUITests */ = {
			isa = PBXNativeTarget;
			buildConfigurationList = 0598B1D1282CA16800009A9C /* Build configuration list for PBXNativeTarget "sin_13_techmonUITests" */;
			buildPhases = (
				0598B1BD282CA16800009A9C /* Sources */,
				0598B1BE282CA16800009A9C /* Frameworks */,
				0598B1BF282CA16800009A9C /* Resources */,
			);
			buildRules = (
			);
			dependencies = (
				0598B1C3282CA16800009A9C /* PBXTargetDependency */,
			);
			name = sin_13_techmonUITests;
			productName = sin_13_techmonUITests;
			productReference = 0598B1C1282CA16800009A9C /* sin_13_techmonUITests.xctest */;
			productType = "com.apple.product-type.bundle.ui-testing";
		};
/* End PBXNativeTarget section */

/* Begin PBXProject section */
		0598B199282CA16300009A9C /* Project object */ = {
			isa = PBXProject;
			attributes = {
				BuildIndependentTargetsInParallel = 1;
				LastSwiftUpdateCheck = 1330;
				LastUpgradeCheck = 1330;
				TargetAttributes = {
					0598B1A0282CA16400009A9C = {
						CreatedOnToolsVersion = 13.3.1;
					};
					0598B1B6282CA16800009A9C = {
						CreatedOnToolsVersion = 13.3.1;
						TestTargetID = 0598B1A0282CA16400009A9C;
					};
					0598B1C0282CA16800009A9C = {
						CreatedOnToolsVersion = 13.3.1;
						TestTargetID = 0598B1A0282CA16400009A9C;
					};
				};
			};
			buildConfigurationList = 0598B19C282CA16300009A9C /* Build configuration list for PBXProject "sin_13_techmon" */;
			compatibilityVersion = "Xcode 13.0";
			developmentRegion = en;
			hasScannedForEncodings = 0;
			knownRegions = (
				en,
				Base,
			);
			mainGroup = 0598B198282CA16300009A9C;
			productRefGroup = 0598B1A2282CA16400009A9C /* Products */;
			projectDirPath = "";
			projectRoot = "";
			targets = (
				0598B1A0282CA16400009A9C /* sin_13_techmon */,
				0598B1B6282CA16800009A9C /* sin_13_techmonTests */,
				0598B1C0282CA16800009A9C /* sin_13_techmonUITests */,
			);
		};
/* End PBXProject section */

/* Begin PBXResourcesBuildPhase section */
		0598B19F282CA16400009A9C /* Resources */ = {
			isa = PBXResourcesBuildPhase;
			buildActionMask = 2147483647;
			files = (
				0598B1EC282CA21400009A9C /* bgimage.jpg in Resources */,
				0598B1F0282CA21400009A9C /* waku.png in Resources */,
				0598B1EA282CA21400009A9C /* misaki_gothic.ttf in Resources */,
				0598B1F5282CA21400009A9C /* lobby.mp3 in Resources */,
				0598B1EF282CA21400009A9C /* monster.png in Resources */,
				0598B1B1282CA16700009A9C /* LaunchScreen.storyboard in Resources */,
				0598B1F9282CA21400009A9C /* SE_fire.mp3 in Resources */,
				0598B1F8282CA21400009A9C /* SE_fanfare.mp3 in Resources */,
				0598B1F6282CA21400009A9C /* SE_attack.mp3 in Resources */,
				0598B1F1282CA21400009A9C /* yusya.png in Resources */,
				0598B1ED282CA21400009A9C /* gold_button.png in Resources */,
				0598B1EE282CA21400009A9C /* lobby.png in Resources */,
				0598B1FA282CA21400009A9C /* SE_gameover.mp3 in Resources */,
				0598B1F7282CA21400009A9C /* SE_charge.mp3 in Resources */,
				0598B1AE282CA16700009A9C /* Assets.xcassets in Resources */,
				0598B1F4282CA21400009A9C /* BGM_battle001.mp3 in Resources */,
				0598B1EB282CA21400009A9C /* battlebg.png in Resources */,
				0598B1AC282CA16400009A9C /* Main.storyboard in Resources */,
			);
			runOnlyForDeploymentPostprocessing = 0;
		};
		0598B1B5282CA16800009A9C /* Resources */ = {
			isa = PBXResourcesBuildPhase;
			buildActionMask = 2147483647;
			files = (
			);
			runOnlyForDeploymentPostprocessing = 0;
		};
		0598B1BF282CA16800009A9C /* Resources */ = {
			isa = PBXResourcesBuildPhase;
			buildActionMask = 2147483647;
			files = (
			);
			runOnlyForDeploymentPostprocessing = 0;
		};
/* End PBXResourcesBuildPhase section */

/* Begin PBXSourcesBuildPhase section */
		0598B19D282CA16400009A9C /* Sources */ = {
			isa = PBXSourcesBuildPhase;
			buildActionMask = 2147483647;
			files = (
				0598B1FE282CA8D400009A9C /* BattleViewController.swift in Sources */,
				0598B1A9282CA16400009A9C /* ViewController.swift in Sources */,
				0598B1A5282CA16400009A9C /* AppDelegate.swift in Sources */,
				0598B1F3282CA21400009A9C /* TechMonManager.swift in Sources */,
				0598B1FC282CA89C00009A9C /* LobbyViewController.swift in Sources */,
				0598B1A7282CA16400009A9C /* SceneDelegate.swift in Sources */,
				0598B1F2282CA21400009A9C /* Character.swift in Sources */,
			);
			runOnlyForDeploymentPostprocessing = 0;
		};
		0598B1B3282CA16800009A9C /* Sources */ = {
			isa = PBXSourcesBuildPhase;
			buildActionMask = 2147483647;
			files = (
				0598B1BC282CA16800009A9C /* sin_13_techmonTests.swift in Sources */,
			);
			runOnlyForDeploymentPostprocessing = 0;
		};
		0598B1BD282CA16800009A9C /* Sources */ = {
			isa = PBXSourcesBuildPhase;
			buildActionMask = 2147483647;
			files = (
				0598B1C8282CA16800009A9C /* sin_13_techmonUITestsLaunchTests.swift in Sources */,
				0598B1C6282CA16800009A9C /* sin_13_techmonUITests.swift in Sources */,
			);
			runOnlyForDeploymentPostprocessing = 0;
		};
/* End PBXSourcesBuildPhase section */

/* Begin PBXTargetDependency section */
		0598B1B9282CA16800009A9C /* PBXTargetDependency */ = {
			isa = PBXTargetDependency;
			target = 0598B1A0282CA16400009A9C /* sin_13_techmon */;
			targetProxy = 0598B1B8282CA16800009A9C /* PBXContainerItemProxy */;
		};
		0598B1C3282CA16800009A9C /* PBXTargetDependency */ = {
			isa = PBXTargetDependency;
			target = 0598B1A0282CA16400009A9C /* sin_13_techmon */;
			targetProxy = 0598B1C2282CA16800009A9C /* PBXContainerItemProxy */;
		};
/* End PBXTargetDependency section */

/* Begin PBXVariantGroup section */
		0598B1AA282CA16400009A9C /* Main.storyboard */ = {
			isa = PBXVariantGroup;
			children = (
				0598B1AB282CA16400009A9C /* Base */,
			);
			name = Main.storyboard;
			sourceTree = "<group>";
		};
		0598B1AF282CA16700009A9C /* LaunchScreen.storyboard */ = {
			isa = PBXVariantGroup;
			children = (
				0598B1B0282CA16700009A9C /* Base */,
			);
			name = LaunchScreen.storyboard;
			sourceTree = "<group>";
		};
/* End PBXVariantGroup section */

/* Begin XCBuildConfiguration section */
		0598B1C9282CA16800009A9C /* Debug */ = {
			isa = XCBuildConfiguration;
			buildSettings = {
				ALWAYS_SEARCH_USER_PATHS = NO;
				CLANG_ANALYZER_NONNULL = YES;
				CLANG_ANALYZER_NUMBER_OBJECT_CONVERSION = YES_AGGRESSIVE;
				CLANG_CXX_LANGUAGE_STANDARD = "gnu++17";
				CLANG_ENABLE_MODULES = YES;
				CLANG_ENABLE_OBJC_ARC = YES;
				CLANG_ENABLE_OBJC_WEAK = YES;
				CLANG_WARN_BLOCK_CAPTURE_AUTORELEASING = YES;
				CLANG_WARN_BOOL_CONVERSION = YES;
				CLANG_WARN_COMMA = YES;
				CLANG_WARN_CONSTANT_CONVERSION = YES;
				CLANG_WARN_DEPRECATED_OBJC_IMPLEMENTATIONS = YES;
				CLANG_WARN_DIRECT_OBJC_ISA_USAGE = YES_ERROR;
				CLANG_WARN_DOCUMENTATION_COMMENTS = YES;
				CLANG_WARN_EMPTY_BODY = YES;
				CLANG_WARN_ENUM_CONVERSION = YES;
				CLANG_WARN_INFINITE_RECURSION = YES;
				CLANG_WARN_INT_CONVERSION = YES;
				CLANG_WARN_NON_LITERAL_NULL_CONVERSION = YES;
				CLANG_WARN_OBJC_IMPLICIT_RETAIN_SELF = YES;
				CLANG_WARN_OBJC_LITERAL_CONVERSION = YES;
				CLANG_WARN_OBJC_ROOT_CLASS = YES_ERROR;
				CLANG_WARN_QUOTED_INCLUDE_IN_FRAMEWORK_HEADER = YES;
				CLANG_WARN_RANGE_LOOP_ANALYSIS = YES;
				CLANG_WARN_STRICT_PROTOTYPES = YES;
				CLANG_WARN_SUSPICIOUS_MOVE = YES;
				CLANG_WARN_UNGUARDED_AVAILABILITY = YES_AGGRESSIVE;
				CLANG_WARN_UNREACHABLE_CODE = YES;
				CLANG_WARN__DUPLICATE_METHOD_MATCH = YES;
				COPY_PHASE_STRIP = NO;
				DEBUG_INFORMATION_FORMAT = dwarf;
				ENABLE_STRICT_OBJC_MSGSEND = YES;
				ENABLE_TESTABILITY = YES;
				GCC_C_LANGUAGE_STANDARD = gnu11;
				GCC_DYNAMIC_NO_PIC = NO;
				GCC_NO_COMMON_BLOCKS = YES;
				GCC_OPTIMIZATION_LEVEL = 0;
				GCC_PREPROCESSOR_DEFINITIONS = (
					"DEBUG=1",
					"$(inherited)",
				);
				GCC_WARN_64_TO_32_BIT_CONVERSION = YES;
				GCC_WARN_ABOUT_RETURN_TYPE = YES_ERROR;
				GCC_WARN_UNDECLARED_SELECTOR = YES;
				GCC_WARN_UNINITIALIZED_AUTOS = YES_AGGRESSIVE;
				GCC_WARN_UNUSED_FUNCTION = YES;
				GCC_WARN_UNUSED_VARIABLE = YES;
				IPHONEOS_DEPLOYMENT_TARGET = 15.4;
				MTL_ENABLE_DEBUG_INFO = INCLUDE_SOURCE;
				MTL_FAST_MATH = YES;
				ONLY_ACTIVE_ARCH = YES;
				SDKROOT = iphoneos;
				SWIFT_ACTIVE_COMPILATION_CONDITIONS = DEBUG;
				SWIFT_OPTIMIZATION_LEVEL = "-Onone";
			};
			name = Debug;
		};
		0598B1CA282CA16800009A9C /* Release */ = {
			isa = XCBuildConfiguration;
			buildSettings = {
				ALWAYS_SEARCH_USER_PATHS = NO;
				CLANG_ANALYZER_NONNULL = YES;
				CLANG_ANALYZER_NUMBER_OBJECT_CONVERSION = YES_AGGRESSIVE;
				CLANG_CXX_LANGUAGE_STANDARD = "gnu++17";
				CLANG_ENABLE_MODULES = YES;
				CLANG_ENABLE_OBJC_ARC = YES;
				CLANG_ENABLE_OBJC_WEAK = YES;
				CLANG_WARN_BLOCK_CAPTURE_AUTORELEASING = YES;
				CLANG_WARN_BOOL_CONVERSION = YES;
				CLANG_WARN_COMMA = YES;
				CLANG_WARN_CONSTANT_CONVERSION = YES;
				CLANG_WARN_DEPRECATED_OBJC_IMPLEMENTATIONS = YES;
				CLANG_WARN_DIRECT_OBJC_ISA_USAGE = YES_ERROR;
				CLANG_WARN_DOCUMENTATION_COMMENTS = YES;
				CLANG_WARN_EMPTY_BODY = YES;
				CLANG_WARN_ENUM_CONVERSION = YES;
				CLANG_WARN_INFINITE_RECURSION = YES;
				CLANG_WARN_INT_CONVERSION = YES;
				CLANG_WARN_NON_LITERAL_NULL_CONVERSION = YES;
				CLANG_WARN_OBJC_IMPLICIT_RETAIN_SELF = YES;
				CLANG_WARN_OBJC_LITERAL_CONVERSION = YES;
				CLANG_WARN_OBJC_ROOT_CLASS = YES_ERROR;
				CLANG_WARN_QUOTED_INCLUDE_IN_FRAMEWORK_HEADER = YES;
				CLANG_WARN_RANGE_LOOP_ANALYSIS = YES;
				CLANG_WARN_STRICT_PROTOTYPES = YES;
				CLANG_WARN_SUSPICIOUS_MOVE = YES;
				CLANG_WARN_UNGUARDED_AVAILABILITY = YES_AGGRESSIVE;
				CLANG_WARN_UNREACHABLE_CODE = YES;
				CLANG_WARN__DUPLICATE_METHOD_MATCH = YES;
				COPY_PHASE_STRIP = NO;
				DEBUG_INFORMATION_FORMAT = "dwarf-with-dsym";
				ENABLE_NS_ASSERTIONS = NO;
				ENABLE_STRICT_OBJC_MSGSEND = YES;
				GCC_C_LANGUAGE_STANDARD = gnu11;
				GCC_NO_COMMON_BLOCKS = YES;
				GCC_WARN_64_TO_32_BIT_CONVERSION = YES;
				GCC_WARN_ABOUT_RETURN_TYPE = YES_ERROR;
				GCC_WARN_UNDECLARED_SELECTOR = YES;
				GCC_WARN_UNINITIALIZED_AUTOS = YES_AGGRESSIVE;
				GCC_WARN_UNUSED_FUNCTION = YES;
				GCC_WARN_UNUSED_VARIABLE = YES;
				IPHONEOS_DEPLOYMENT_TARGET = 15.4;
				MTL_ENABLE_DEBUG_INFO = NO;
				MTL_FAST_MATH = YES;
				SDKROOT = iphoneos;
				SWIFT_COMPILATION_MODE = wholemodule;
				SWIFT_OPTIMIZATION_LEVEL = "-O";
				VALIDATE_PRODUCT = YES;
			};
			name = Release;
		};
		0598B1CC282CA16800009A9C /* Debug */ = {
			isa = XCBuildConfiguration;
			buildSettings = {
				ASSETCATALOG_COMPILER_APPICON_NAME = AppIcon;
				ASSETCATALOG_COMPILER_GLOBAL_ACCENT_COLOR_NAME = AccentColor;
				CODE_SIGN_STYLE = Automatic;
				CURRENT_PROJECT_VERSION = 1;
				GENERATE_INFOPLIST_FILE = YES;
				INFOPLIST_FILE = sin_13_techmon/Info.plist;
				INFOPLIST_KEY_UIApplicationSupportsIndirectInputEvents = YES;
				INFOPLIST_KEY_UILaunchStoryboardName = LaunchScreen;
				INFOPLIST_KEY_UIMainStoryboardFile = Main;
				INFOPLIST_KEY_UISupportedInterfaceOrientations_iPad = "UIInterfaceOrientationPortrait UIInterfaceOrientationPortraitUpsideDown UIInterfaceOrientationLandscapeLeft UIInterfaceOrientationLandscapeRight";
				INFOPLIST_KEY_UISupportedInterfaceOrientations_iPhone = "UIInterfaceOrientationPortrait UIInterfaceOrientationLandscapeLeft UIInterfaceOrientationLandscapeRight";
				LD_RUNPATH_SEARCH_PATHS = (
					"$(inherited)",
					"@executable_path/Frameworks",
				);
				MARKETING_VERSION = 1.0;
				PRODUCT_BUNDLE_IDENTIFIER = "app.sin.shintani.sin-13-techmon";
				PRODUCT_NAME = "$(TARGET_NAME)";
				SWIFT_EMIT_LOC_STRINGS = YES;
				SWIFT_VERSION = 5.0;
				TARGETED_DEVICE_FAMILY = "1,2";
			};
			name = Debug;
		};
		0598B1CD282CA16800009A9C /* Release */ = {
			isa = XCBuildConfiguration;
			buildSettings = {
				ASSETCATALOG_COMPILER_APPICON_NAME = AppIcon;
				ASSETCATALOG_COMPILER_GLOBAL_ACCENT_COLOR_NAME = AccentColor;
				CODE_SIGN_STYLE = Automatic;
				CURRENT_PROJECT_VERSION = 1;
				GENERATE_INFOPLIST_FILE = YES;
				INFOPLIST_FILE = sin_13_techmon/Info.plist;
				INFOPLIST_KEY_UIApplicationSupportsIndirectInputEvents = YES;
				INFOPLIST_KEY_UILaunchStoryboardName = LaunchScreen;
				INFOPLIST_KEY_UIMainStoryboardFile = Main;
				INFOPLIST_KEY_UISupportedInterfaceOrientations_iPad = "UIInterfaceOrientationPortrait UIInterfaceOrientationPortraitUpsideDown UIInterfaceOrientationLandscapeLeft UIInterfaceOrientationLandscapeRight";
				INFOPLIST_KEY_UISupportedInterfaceOrientations_iPhone = "UIInterfaceOrientationPortrait UIInterfaceOrientationLandscapeLeft UIInterfaceOrientationLandscapeRight";
				LD_RUNPATH_SEARCH_PATHS = (
					"$(inherited)",
					"@executable_path/Frameworks",
				);
				MARKETING_VERSION = 1.0;
				PRODUCT_BUNDLE_IDENTIFIER = "app.sin.shintani.sin-13-techmon";
				PRODUCT_NAME = "$(TARGET_NAME)";
				SWIFT_EMIT_LOC_STRINGS = YES;
				SWIFT_VERSION = 5.0;
				TARGETED_DEVICE_FAMILY = "1,2";
			};
			name = Release;
		};
		0598B1CF282CA16800009A9C /* Debug */ = {
			isa = XCBuildConfiguration;
			buildSettings = {
				ALWAYS_EMBED_SWIFT_STANDARD_LIBRARIES = YES;
				BUNDLE_LOADER = "$(TEST_HOST)";
				CODE_SIGN_STYLE = Automatic;
				CURRENT_PROJECT_VERSION = 1;
				GENERATE_INFOPLIST_FILE = YES;
				IPHONEOS_DEPLOYMENT_TARGET = 15.4;
				MARKETING_VERSION = 1.0;
				PRODUCT_BUNDLE_IDENTIFIER = "app.sin.shintani.sin-13-techmonTests";
				PRODUCT_NAME = "$(TARGET_NAME)";
				SWIFT_EMIT_LOC_STRINGS = NO;
				SWIFT_VERSION = 5.0;
				TARGETED_DEVICE_FAMILY = "1,2";
				TEST_HOST = "$(BUILT_PRODUCTS_DIR)/sin_13_techmon.app/sin_13_techmon";
			};
			name = Debug;
		};
		0598B1D0282CA16800009A9C /* Release */ = {
			isa = XCBuildConfiguration;
			buildSettings = {
				ALWAYS_EMBED_SWIFT_STANDARD_LIBRARIES = YES;
				BUNDLE_LOADER = "$(TEST_HOST)";
				CODE_SIGN_STYLE = Automatic;
				CURRENT_PROJECT_VERSION = 1;
				GENERATE_INFOPLIST_FILE = YES;
				IPHONEOS_DEPLOYMENT_TARGET = 15.4;
				MARKETING_VERSION = 1.0;
				PRODUCT_BUNDLE_IDENTIFIER = "app.sin.shintani.sin-13-techmonTests";
				PRODUCT_NAME = "$(TARGET_NAME)";
				SWIFT_EMIT_LOC_STRINGS = NO;
				SWIFT_VERSION = 5.0;
				TARGETED_DEVICE_FAMILY = "1,2";
				TEST_HOST = "$(BUILT_PRODUCTS_DIR)/sin_13_techmon.app/sin_13_techmon";
			};
			name = Release;
		};
		0598B1D2282CA16800009A9C /* Debug */ = {
			isa = XCBuildConfiguration;
			buildSettings = {
				ALWAYS_EMBED_SWIFT_STANDARD_LIBRARIES = YES;
				CODE_SIGN_STYLE = Automatic;
				CURRENT_PROJECT_VERSION = 1;
				GENERATE_INFOPLIST_FILE = YES;
				MARKETING_VERSION = 1.0;
				PRODUCT_BUNDLE_IDENTIFIER = "app.sin.shintani.sin-13-techmonUITests";
				PRODUCT_NAME = "$(TARGET_NAME)";
				SWIFT_EMIT_LOC_STRINGS = NO;
				SWIFT_VERSION = 5.0;
				TARGETED_DEVICE_FAMILY = "1,2";
				TEST_TARGET_NAME = sin_13_techmon;
			};
			name = Debug;
		};
		0598B1D3282CA16800009A9C /* Release */ = {
			isa = XCBuildConfiguration;
			buildSettings = {
				ALWAYS_EMBED_SWIFT_STANDARD_LIBRARIES = YES;
				CODE_SIGN_STYLE = Automatic;
				CURRENT_PROJECT_VERSION = 1;
				GENERATE_INFOPLIST_FILE = YES;
				MARKETING_VERSION = 1.0;
				PRODUCT_BUNDLE_IDENTIFIER = "app.sin.shintani.sin-13-techmonUITests";
				PRODUCT_NAME = "$(TARGET_NAME)";
				SWIFT_EMIT_LOC_STRINGS = NO;
				SWIFT_VERSION = 5.0;
				TARGETED_DEVICE_FAMILY = "1,2";
				TEST_TARGET_NAME = sin_13_techmon;
			};
			name = Release;
		};
/* End XCBuildConfiguration section */

/* Begin XCConfigurationList section */
		0598B19C282CA16300009A9C /* Build configuration list for PBXProject "sin_13_techmon" */ = {
			isa = XCConfigurationList;
			buildConfigurations = (
				0598B1C9282CA16800009A9C /* Debug */,
				0598B1CA282CA16800009A9C /* Release */,
			);
			defaultConfigurationIsVisible = 0;
			defaultConfigurationName = Release;
		};
		0598B1CB282CA16800009A9C /* Build configuration list for PBXNativeTarget "sin_13_techmon" */ = {
			isa = XCConfigurationList;
			buildConfigurations = (
				0598B1CC282CA16800009A9C /* Debug */,
				0598B1CD282CA16800009A9C /* Release */,
			);
			defaultConfigurationIsVisible = 0;
			defaultConfigurationName = Release;
		};
		0598B1CE282CA16800009A9C /* Build configuration list for PBXNativeTarget "sin_13_techmonTests" */ = {
			isa = XCConfigurationList;
			buildConfigurations = (
				0598B1CF282CA16800009A9C /* Debug */,
				0598B1D0282CA16800009A9C /* Release */,
			);
			defaultConfigurationIsVisible = 0;
			defaultConfigurationName = Release;
		};
		0598B1D1282CA16800009A9C /* Build configuration list for PBXNativeTarget "sin_13_techmonUITests" */ = {
			isa = XCConfigurationList;
			buildConfigurations = (
				0598B1D2282CA16800009A9C /* Debug */,
				0598B1D3282CA16800009A9C /* Release */,
			);
			defaultConfigurationIsVisible = 0;
			defaultConfigurationName = Release;
		};
/* End XCConfigurationList section */
	};
	rootObject = 0598B199282CA16300009A9C /* Project object */;
}
